// !$*UTF8*$!
{
	archiveVersion = 1;
	classes = {
	};
	objectVersion = 50;
	objects = {

/* Begin PBXBuildFile section */
		C967172924353C2700D631B4 /* AppDelegate.swift in Sources */ = {isa = PBXBuildFile; fileRef = C967172824353C2700D631B4 /* AppDelegate.swift */; };
		C967172B24353C2700D631B4 /* SceneDelegate.swift in Sources */ = {isa = PBXBuildFile; fileRef = C967172A24353C2700D631B4 /* SceneDelegate.swift */; };
		C967173024353C2700D631B4 /* Main.storyboard in Resources */ = {isa = PBXBuildFile; fileRef = C967172E24353C2700D631B4 /* Main.storyboard */; };
		C967173224353C2800D631B4 /* Assets.xcassets in Resources */ = {isa = PBXBuildFile; fileRef = C967173124353C2800D631B4 /* Assets.xcassets */; };
		C967173524353C2800D631B4 /* LaunchScreen.storyboard in Resources */ = {isa = PBXBuildFile; fileRef = C967173324353C2800D631B4 /* LaunchScreen.storyboard */; };
		C967174124355DE300D631B4 /* AlbumController.swift in Sources */ = {isa = PBXBuildFile; fileRef = C967174024355DE300D631B4 /* AlbumController.swift */; };
		C96717432435627100D631B4 /* extensions.swift in Sources */ = {isa = PBXBuildFile; fileRef = C96717422435627100D631B4 /* extensions.swift */; };
		C96717452435632400D631B4 /* AlbumInfo.swift in Sources */ = {isa = PBXBuildFile; fileRef = C96717442435632400D631B4 /* AlbumInfo.swift */; };
		C96717472435639200D631B4 /* Service.swift in Sources */ = {isa = PBXBuildFile; fileRef = C96717462435639200D631B4 /* Service.swift */; };
		C9671749243566FE00D631B4 /* AlbumCell.swift in Sources */ = {isa = PBXBuildFile; fileRef = C9671748243566FE00D631B4 /* AlbumCell.swift */; };
		C967174B2435753B00D631B4 /* CustomImageView.swift in Sources */ = {isa = PBXBuildFile; fileRef = C967174A2435753B00D631B4 /* CustomImageView.swift */; };
		C967174D2435B9EA00D631B4 /* SingleAlbumController.swift in Sources */ = {isa = PBXBuildFile; fileRef = C967174C2435B9EA00D631B4 /* SingleAlbumController.swift */; };
/* End PBXBuildFile section */

/* Begin PBXFileReference section */
		C967172524353C2700D631B4 /* NikeItunes.app */ = {isa = PBXFileReference; explicitFileType = wrapper.application; includeInIndex = 0; path = NikeItunes.app; sourceTree = BUILT_PRODUCTS_DIR; };
		C967172824353C2700D631B4 /* AppDelegate.swift */ = {isa = PBXFileReference; lastKnownFileType = sourcecode.swift; path = AppDelegate.swift; sourceTree = "<group>"; };
		C967172A24353C2700D631B4 /* SceneDelegate.swift */ = {isa = PBXFileReference; lastKnownFileType = sourcecode.swift; path = SceneDelegate.swift; sourceTree = "<group>"; };
		C967172F24353C2700D631B4 /* Base */ = {isa = PBXFileReference; lastKnownFileType = file.storyboard; name = Base; path = Base.lproj/Main.storyboard; sourceTree = "<group>"; };
		C967173124353C2800D631B4 /* Assets.xcassets */ = {isa = PBXFileReference; lastKnownFileType = folder.assetcatalog; path = Assets.xcassets; sourceTree = "<group>"; };
		C967173424353C2800D631B4 /* Base */ = {isa = PBXFileReference; lastKnownFileType = file.storyboard; name = Base; path = Base.lproj/LaunchScreen.storyboard; sourceTree = "<group>"; };
		C967173624353C2800D631B4 /* Info.plist */ = {isa = PBXFileReference; lastKnownFileType = text.plist.xml; path = Info.plist; sourceTree = "<group>"; };
		C967174024355DE300D631B4 /* AlbumController.swift */ = {isa = PBXFileReference; lastKnownFileType = sourcecode.swift; path = AlbumController.swift; sourceTree = "<group>"; };
		C96717422435627100D631B4 /* extensions.swift */ = {isa = PBXFileReference; lastKnownFileType = sourcecode.swift; path = extensions.swift; sourceTree = "<group>"; };
		C96717442435632400D631B4 /* AlbumInfo.swift */ = {isa = PBXFileReference; lastKnownFileType = sourcecode.swift; path = AlbumInfo.swift; sourceTree = "<group>"; };
		C96717462435639200D631B4 /* Service.swift */ = {isa = PBXFileReference; lastKnownFileType = sourcecode.swift; path = Service.swift; sourceTree = "<group>"; };
		C9671748243566FE00D631B4 /* AlbumCell.swift */ = {isa = PBXFileReference; lastKnownFileType = sourcecode.swift; path = AlbumCell.swift; sourceTree = "<group>"; };
		C967174A2435753B00D631B4 /* CustomImageView.swift */ = {isa = PBXFileReference; lastKnownFileType = sourcecode.swift; path = CustomImageView.swift; sourceTree = "<group>"; };
		C967174C2435B9EA00D631B4 /* SingleAlbumController.swift */ = {isa = PBXFileReference; lastKnownFileType = sourcecode.swift; path = SingleAlbumController.swift; sourceTree = "<group>"; };
/* End PBXFileReference section */

/* Begin PBXFrameworksBuildPhase section */
		C967172224353C2700D631B4 /* Frameworks */ = {
			isa = PBXFrameworksBuildPhase;
			buildActionMask = 2147483647;
			files = (
			);
			runOnlyForDeploymentPostprocessing = 0;
		};
/* End PBXFrameworksBuildPhase section */

/* Begin PBXGroup section */
		C967171C24353C2700D631B4 = {
			isa = PBXGroup;
			children = (
				C967172724353C2700D631B4 /* NikeItunes */,
				C967172624353C2700D631B4 /* Products */,
			);
			sourceTree = "<group>";
		};
		C967172624353C2700D631B4 /* Products */ = {
			isa = PBXGroup;
			children = (
				C967172524353C2700D631B4 /* NikeItunes.app */,
			);
			name = Products;
			sourceTree = "<group>";
		};
		C967172724353C2700D631B4 /* NikeItunes */ = {
			isa = PBXGroup;
			children = (
				C967173F24355BDE00D631B4 /* Utilities */,
				C967173E24355BD500D631B4 /* Model */,
				C967173D24355BCA00D631B4 /* Controller */,
				C967173C24355BBB00D631B4 /* View */,
				C967172824353C2700D631B4 /* AppDelegate.swift */,
				C967172A24353C2700D631B4 /* SceneDelegate.swift */,
				C967172E24353C2700D631B4 /* Main.storyboard */,
				C967173124353C2800D631B4 /* Assets.xcassets */,
				C967173324353C2800D631B4 /* LaunchScreen.storyboard */,
				C967173624353C2800D631B4 /* Info.plist */,
			);
			path = NikeItunes;
			sourceTree = "<group>";
		};
		C967173C24355BBB00D631B4 /* View */ = {
			isa = PBXGroup;
			children = (
				C9671748243566FE00D631B4 /* AlbumCell.swift */,
				C967174A2435753B00D631B4 /* CustomImageView.swift */,
			);
			path = View;
			sourceTree = "<group>";
		};
		C967173D24355BCA00D631B4 /* Controller */ = {
			isa = PBXGroup;
			children = (
				C967174024355DE300D631B4 /* AlbumController.swift */,
				C967174C2435B9EA00D631B4 /* SingleAlbumController.swift */,
			);
			path = Controller;
			sourceTree = "<group>";
		};
		C967173E24355BD500D631B4 /* Model */ = {
			isa = PBXGroup;
			children = (
				C96717442435632400D631B4 /* AlbumInfo.swift */,
			);
			path = Model;
			sourceTree = "<group>";
		};
		C967173F24355BDE00D631B4 /* Utilities */ = {
			isa = PBXGroup;
			children = (
				C96717422435627100D631B4 /* extensions.swift */,
				C96717462435639200D631B4 /* Service.swift */,
			);
			path = Utilities;
			sourceTree = "<group>";
		};
/* End PBXGroup section */

/* Begin PBXNativeTarget section */
		C967172424353C2700D631B4 /* NikeItunes */ = {
			isa = PBXNativeTarget;
			buildConfigurationList = C967173924353C2800D631B4 /* Build configuration list for PBXNativeTarget "NikeItunes" */;
			buildPhases = (
				C967172124353C2700D631B4 /* Sources */,
				C967172224353C2700D631B4 /* Frameworks */,
				C967172324353C2700D631B4 /* Resources */,
			);
			buildRules = (
			);
			dependencies = (
			);
			name = NikeItunes;
			productName = NikeItunes;
			productReference = C967172524353C2700D631B4 /* NikeItunes.app */;
			productType = "com.apple.product-type.application";
		};
/* End PBXNativeTarget section */

/* Begin PBXProject section */
		C967171D24353C2700D631B4 /* Project object */ = {
			isa = PBXProject;
			attributes = {
				LastSwiftUpdateCheck = 1130;
				LastUpgradeCheck = 1130;
				ORGANIZATIONNAME = "Vishal Lakshminarayanappa";
				TargetAttributes = {
					C967172424353C2700D631B4 = {
						CreatedOnToolsVersion = 11.3.1;
					};
				};
			};
			buildConfigurationList = C967172024353C2700D631B4 /* Build configuration list for PBXProject "NikeItunes" */;
			compatibilityVersion = "Xcode 9.3";
			developmentRegion = en;
			hasScannedForEncodings = 0;
			knownRegions = (
				en,
				Base,
			);
			mainGroup = C967171C24353C2700D631B4;
			productRefGroup = C967172624353C2700D631B4 /* Products */;
			projectDirPath = "";
			projectRoot = "";
			targets = (
				C967172424353C2700D631B4 /* NikeItunes */,
			);
		};
/* End PBXProject section */

/* Begin PBXResourcesBuildPhase section */
		C967172324353C2700D631B4 /* Resources */ = {
			isa = PBXResourcesBuildPhase;
			buildActionMask = 2147483647;
			files = (
				C967173524353C2800D631B4 /* LaunchScreen.storyboard in Resources */,
				C967173224353C2800D631B4 /* Assets.xcassets in Resources */,
				C967173024353C2700D631B4 /* Main.storyboard in Resources */,
			);
			runOnlyForDeploymentPostprocessing = 0;
		};
/* End PBXResourcesBuildPhase section */

/* Begin PBXSourcesBuildPhase section */
		C967172124353C2700D631B4 /* Sources */ = {
			isa = PBXSourcesBuildPhase;
			buildActionMask = 2147483647;
			files = (
				C967172924353C2700D631B4 /* AppDelegate.swift in Sources */,
				C967174D2435B9EA00D631B4 /* SingleAlbumController.swift in Sources */,
				C967174B2435753B00D631B4 /* CustomImageView.swift in Sources */,
				C967174124355DE300D631B4 /* AlbumController.swift in Sources */,
				C967172B24353C2700D631B4 /* SceneDelegate.swift in Sources */,
				C9671749243566FE00D631B4 /* AlbumCell.swift in Sources */,
				C96717432435627100D631B4 /* extensions.swift in Sources */,
				C96717452435632400D631B4 /* AlbumInfo.swift in Sources */,
				C96717472435639200D631B4 /* Service.swift in Sources */,
			);
			runOnlyForDeploymentPostprocessing = 0;
		};
/* End PBXSourcesBuildPhase section */

/* Begin PBXVariantGroup section */
		C967172E24353C2700D631B4 /* Main.storyboard */ = {
			isa = PBXVariantGroup;
			children = (
				C967172F24353C2700D631B4 /* Base */,
			);
			name = Main.storyboard;
			sourceTree = "<group>";
		};
		C967173324353C2800D631B4 /* LaunchScreen.storyboard */ = {
			isa = PBXVariantGroup;
			children = (
				C967173424353C2800D631B4 /* Base */,
			);
			name = LaunchScreen.storyboard;
			sourceTree = "<group>";
		};
/* End PBXVariantGroup section */

/* Begin XCBuildConfiguration section */
		C967173724353C2800D631B4 /* Debug */ = {
			isa = XCBuildConfiguration;
			buildSettings = {
				ALWAYS_SEARCH_USER_PATHS = NO;
				CLANG_ANALYZER_NONNULL = YES;
				CLANG_ANALYZER_NUMBER_OBJECT_CONVERSION = YES_AGGRESSIVE;
				CLANG_CXX_LANGUAGE_STANDARD = "gnu++14";
				CLANG_CXX_LIBRARY = "libc++";
				CLANG_ENABLE_MODULES = YES;
				CLANG_ENABLE_OBJC_ARC = YES;
				CLANG_ENABLE_OBJC_WEAK = YES;
				CLANG_WARN_BLOCK_CAPTURE_AUTORELEASING = YES;
				CLANG_WARN_BOOL_CONVERSION = YES;
				CLANG_WARN_COMMA = YES;
				CLANG_WARN_CONSTANT_CONVERSION = YES;
				CLANG_WARN_DEPRECATED_OBJC_IMPLEMENTATIONS = YES;
				CLANG_WARN_DIRECT_OBJC_ISA_USAGE = YES_ERROR;
				CLANG_WARN_DOCUMENTATION_COMMENTS = YES;
				CLANG_WARN_EMPTY_BODY = YES;
				CLANG_WARN_ENUM_CONVERSION = YES;
				CLANG_WARN_INFINITE_RECURSION = YES;
				CLANG_WARN_INT_CONVERSION = YES;
				CLANG_WARN_NON_LITERAL_NULL_CONVERSION = YES;
				CLANG_WARN_OBJC_IMPLICIT_RETAIN_SELF = YES;
				CLANG_WARN_OBJC_LITERAL_CONVERSION = YES;
				CLANG_WARN_OBJC_ROOT_CLASS = YES_ERROR;
				CLANG_WARN_RANGE_LOOP_ANALYSIS = YES;
				CLANG_WARN_STRICT_PROTOTYPES = YES;
				CLANG_WARN_SUSPICIOUS_MOVE = YES;
				CLANG_WARN_UNGUARDED_AVAILABILITY = YES_AGGRESSIVE;
				CLANG_WARN_UNREACHABLE_CODE = YES;
				CLANG_WARN__DUPLICATE_METHOD_MATCH = YES;
				COPY_PHASE_STRIP = NO;
				DEBUG_INFORMATION_FORMAT = dwarf;
				ENABLE_STRICT_OBJC_MSGSEND = YES;
				ENABLE_TESTABILITY = YES;
				GCC_C_LANGUAGE_STANDARD = gnu11;
				GCC_DYNAMIC_NO_PIC = NO;
				GCC_NO_COMMON_BLOCKS = YES;
				GCC_OPTIMIZATION_LEVEL = 0;
				GCC_PREPROCESSOR_DEFINITIONS = (
					"DEBUG=1",
					"$(inherited)",
				);
				GCC_WARN_64_TO_32_BIT_CONVERSION = YES;
				GCC_WARN_ABOUT_RETURN_TYPE = YES_ERROR;
				GCC_WARN_UNDECLARED_SELECTOR = YES;
				GCC_WARN_UNINITIALIZED_AUTOS = YES_AGGRESSIVE;
				GCC_WARN_UNUSED_FUNCTION = YES;
				GCC_WARN_UNUSED_VARIABLE = YES;
				IPHONEOS_DEPLOYMENT_TARGET = 13.2;
				MTL_ENABLE_DEBUG_INFO = INCLUDE_SOURCE;
				MTL_FAST_MATH = YES;
				ONLY_ACTIVE_ARCH = YES;
				SDKROOT = iphoneos;
				SWIFT_ACTIVE_COMPILATION_CONDITIONS = DEBUG;
				SWIFT_OPTIMIZATION_LEVEL = "-Onone";
			};
			name = Debug;
		};
		C967173824353C2800D631B4 /* Release */ = {
			isa = XCBuildConfiguration;
			buildSettings = {
				ALWAYS_SEARCH_USER_PATHS = NO;
				CLANG_ANALYZER_NONNULL = YES;
				CLANG_ANALYZER_NUMBER_OBJECT_CONVERSION = YES_AGGRESSIVE;
				CLANG_CXX_LANGUAGE_STANDARD = "gnu++14";
				CLANG_CXX_LIBRARY = "libc++";
				CLANG_ENABLE_MODULES = YES;
				CLANG_ENABLE_OBJC_ARC = YES;
				CLANG_ENABLE_OBJC_WEAK = YES;
				CLANG_WARN_BLOCK_CAPTURE_AUTORELEASING = YES;
				CLANG_WARN_BOOL_CONVERSION = YES;
				CLANG_WARN_COMMA = YES;
				CLANG_WARN_CONSTANT_CONVERSION = YES;
				CLANG_WARN_DEPRECATED_OBJC_IMPLEMENTATIONS = YES;
				CLANG_WARN_DIRECT_OBJC_ISA_USAGE = YES_ERROR;
				CLANG_WARN_DOCUMENTATION_COMMENTS = YES;
				CLANG_WARN_EMPTY_BODY = YES;
				CLANG_WARN_ENUM_CONVERSION = YES;
				CLANG_WARN_INFINITE_RECURSION = YES;
				CLANG_WARN_INT_CONVERSION = YES;
				CLANG_WARN_NON_LITERAL_NULL_CONVERSION = YES;
				CLANG_WARN_OBJC_IMPLICIT_RETAIN_SELF = YES;
				CLANG_WARN_OBJC_LITERAL_CONVERSION = YES;
				CLANG_WARN_OBJC_ROOT_CLASS = YES_ERROR;
				CLANG_WARN_RANGE_LOOP_ANALYSIS = YES;
				CLANG_WARN_STRICT_PROTOTYPES = YES;
				CLANG_WARN_SUSPICIOUS_MOVE = YES;
				CLANG_WARN_UNGUARDED_AVAILABILITY = YES_AGGRESSIVE;
				CLANG_WARN_UNREACHABLE_CODE = YES;
				CLANG_WARN__DUPLICATE_METHOD_MATCH = YES;
				COPY_PHASE_STRIP = NO;
				DEBUG_INFORMATION_FORMAT = "dwarf-with-dsym";
				ENABLE_NS_ASSERTIONS = NO;
				ENABLE_STRICT_OBJC_MSGSEND = YES;
				GCC_C_LANGUAGE_STANDARD = gnu11;
				GCC_NO_COMMON_BLOCKS = YES;
				GCC_WARN_64_TO_32_BIT_CONVERSION = YES;
				GCC_WARN_ABOUT_RETURN_TYPE = YES_ERROR;
				GCC_WARN_UNDECLARED_SELECTOR = YES;
				GCC_WARN_UNINITIALIZED_AUTOS = YES_AGGRESSIVE;
				GCC_WARN_UNUSED_FUNCTION = YES;
				GCC_WARN_UNUSED_VARIABLE = YES;
				IPHONEOS_DEPLOYMENT_TARGET = 13.2;
				MTL_ENABLE_DEBUG_INFO = NO;
				MTL_FAST_MATH = YES;
				SDKROOT = iphoneos;
				SWIFT_COMPILATION_MODE = wholemodule;
				SWIFT_OPTIMIZATION_LEVEL = "-O";
				VALIDATE_PRODUCT = YES;
			};
			name = Release;
		};
		C967173A24353C2800D631B4 /* Debug */ = {
			isa = XCBuildConfiguration;
			buildSettings = {
				ASSETCATALOG_COMPILER_APPICON_NAME = AppIcon;
				CODE_SIGN_STYLE = Automatic;
				DEVELOPMENT_TEAM = 995G279WKS;
				INFOPLIST_FILE = NikeItunes/Info.plist;
				LD_RUNPATH_SEARCH_PATHS = (
					"$(inherited)",
					"@executable_path/Frameworks",
				);
				PRODUCT_BUNDLE_IDENTIFIER = com.vxl5058.NikeItunes;
				PRODUCT_NAME = "$(TARGET_NAME)";
				SWIFT_VERSION = 5.0;
				TARGETED_DEVICE_FAMILY = "1,2";
			};
			name = Debug;
		};
		C967173B24353C2800D631B4 /* Release */ = {
			isa = XCBuildConfiguration;
			buildSettings = {
				ASSETCATALOG_COMPILER_APPICON_NAME = AppIcon;
				CODE_SIGN_STYLE = Automatic;
				DEVELOPMENT_TEAM = 995G279WKS;
				INFOPLIST_FILE = NikeItunes/Info.plist;
				LD_RUNPATH_SEARCH_PATHS = (
					"$(inherited)",
					"@executable_path/Frameworks",
				);
				PRODUCT_BUNDLE_IDENTIFIER = com.vxl5058.NikeItunes;
				PRODUCT_NAME = "$(TARGET_NAME)";
				SWIFT_VERSION = 5.0;
				TARGETED_DEVICE_FAMILY = "1,2";
			};
			name = Release;
		};
/* End XCBuildConfiguration section */

/* Begin XCConfigurationList section */
		C967172024353C2700D631B4 /* Build configuration list for PBXProject "NikeItunes" */ = {
			isa = XCConfigurationList;
			buildConfigurations = (
				C967173724353C2800D631B4 /* Debug */,
				C967173824353C2800D631B4 /* Release */,
			);
			defaultConfigurationIsVisible = 0;
			defaultConfigurationName = Release;
		};
		C967173924353C2800D631B4 /* Build configuration list for PBXNativeTarget "NikeItunes" */ = {
			isa = XCConfigurationList;
			buildConfigurations = (
				C967173A24353C2800D631B4 /* Debug */,
				C967173B24353C2800D631B4 /* Release */,
			);
			defaultConfigurationIsVisible = 0;
			defaultConfigurationName = Release;
		};
/* End XCConfigurationList section */
	};
	rootObject = C967171D24353C2700D631B4 /* Project object */;
}
